
Microsoft Visual Studio Solution File, Format Version 12.00
# Visual Studio Version 17
VisualStudioVersion = 17.4.33205.214
MinimumVisualStudioVersion = 10.0.40219.1
Project("{FAE04EC0-301F-11D3-BF4B-00C04F79EFBC}") = "Lab1", "Lab1.csproj", "{37A67EFA-2B6C-4ACC-8F1B-5D88BA6E8274}"
EndProject
Project("{FAE04EC0-301F-11D3-BF4B-00C04F79EFBC}") = "LAB2", "LAB2\LAB2.csproj", "{45404133-D0A6-45C8-B37E-6A3BA7A85476}"
EndProject
Global
	GlobalSection(SolutionConfigurationPlatforms) = preSolution
		Debug|Any CPU = Debug|Any CPU
		Release|Any CPU = Release|Any CPU
	EndGlobalSection
	GlobalSection(ProjectConfigurationPlatforms) = postSolution
		{37A67EFA-2B6C-4ACC-8F1B-5D88BA6E8274}.Debug|Any CPU.ActiveCfg = Debug|Any CPU
		{37A67EFA-2B6C-4ACC-8F1B-5D88BA6E8274}.Debug|Any CPU.Build.0 = Debug|Any CPU
		{37A67EFA-2B6C-4ACC-8F1B-5D88BA6E8274}.Release|Any CPU.ActiveCfg = Release|Any CPU
		{37A67EFA-2B6C-4ACC-8F1B-5D88BA6E8274}.Release|Any CPU.Build.0 = Release|Any CPU
		{45404133-D0A6-45C8-B37E-6A3BA7A85476}.Debug|Any CPU.ActiveCfg = Debug|Any CPU
		{45404133-D0A6-45C8-B37E-6A3BA7A85476}.Debug|Any CPU.Build.0 = Debug|Any CPU
		{45404133-D0A6-45C8-B37E-6A3BA7A85476}.Release|Any CPU.ActiveCfg = Release|Any CPU
		{45404133-D0A6-45C8-B37E-6A3BA7A85476}.Release|Any CPU.Build.0 = Release|Any CPU
	EndGlobalSection
	GlobalSection(SolutionProperties) = preSolution
		HideSolutionNode = FALSE
	EndGlobalSection
	GlobalSection(ExtensibilityGlobals) = postSolution
		SolutionGuid = {B9488ED6-364B-4F44-B811-9C6AA4EBCCD7}
	EndGlobalSection
EndGlobal
